
Microsoft Visual Studio Solution File, Format Version 12.00
# Visual Studio 2012
Project("{FAE04EC0-301F-11D3-BF4B-00C04F79EFBC}") = "BrainMessInterpreter", "BrainMessApplication\BrainMessInterpreter.csproj", "{029497F3-FDD9-43E0-9243-0E60BE694B07}"
EndProject
Project("{FAE04EC0-301F-11D3-BF4B-00C04F79EFBC}") = "BrainMessTestCases", "BrainMessTestCases\BrainMessTestCases.csproj", "{B9514CAD-66F5-482B-98E2-581150842522}"
EndProject
Global
	GlobalSection(SolutionConfigurationPlatforms) = preSolution
		Debug|Any CPU = Debug|Any CPU
		Release|Any CPU = Release|Any CPU
	EndGlobalSection
	GlobalSection(ProjectConfigurationPlatforms) = postSolution
		{029497F3-FDD9-43E0-9243-0E60BE694B07}.Debug|Any CPU.ActiveCfg = Debug|Any CPU
		{029497F3-FDD9-43E0-9243-0E60BE694B07}.Debug|Any CPU.Build.0 = Debug|Any CPU
		{029497F3-FDD9-43E0-9243-0E60BE694B07}.Release|Any CPU.ActiveCfg = Release|Any CPU
		{029497F3-FDD9-43E0-9243-0E60BE694B07}.Release|Any CPU.Build.0 = Release|Any CPU
		{B9514CAD-66F5-482B-98E2-581150842522}.Debug|Any CPU.ActiveCfg = Debug|Any CPU
		{B9514CAD-66F5-482B-98E2-581150842522}.Debug|Any CPU.Build.0 = Debug|Any CPU
		{B9514CAD-66F5-482B-98E2-581150842522}.Release|Any CPU.ActiveCfg = Release|Any CPU
		{B9514CAD-66F5-482B-98E2-581150842522}.Release|Any CPU.Build.0 = Release|Any CPU
	EndGlobalSection
	GlobalSection(SolutionProperties) = preSolution
		HideSolutionNode = FALSE
	EndGlobalSection
EndGlobal
